
Microsoft Visual Studio Solution File, Format Version 12.00
# Visual Studio Version 17
VisualStudioVersion = 17.6.33829.357
MinimumVisualStudioVersion = 10.0.40219.1
Project("{FAE04EC0-301F-11D3-BF4B-00C04F79EFBC}") = "API1", "API1.csproj", "{460C043A-769A-4E09-8BDC-09673F03A177}"
EndProject
Global
	GlobalSection(SolutionConfigurationPlatforms) = preSolution
		Debug|Any CPU = Debug|Any CPU
		Release|Any CPU = Release|Any CPU
	EndGlobalSection
	GlobalSection(ProjectConfigurationPlatforms) = postSolution
		{460C043A-769A-4E09-8BDC-09673F03A177}.Debug|Any CPU.ActiveCfg = Debug|Any CPU
		{460C043A-769A-4E09-8BDC-09673F03A177}.Debug|Any CPU.Build.0 = Debug|Any CPU
		{460C043A-769A-4E09-8BDC-09673F03A177}.Release|Any CPU.ActiveCfg = Release|Any CPU
		{460C043A-769A-4E09-8BDC-09673F03A177}.Release|Any CPU.Build.0 = Release|Any CPU
	EndGlobalSection
	GlobalSection(SolutionProperties) = preSolution
		HideSolutionNode = FALSE
	EndGlobalSection
	GlobalSection(ExtensibilityGlobals) = postSolution
		SolutionGuid = {66656342-F403-4E62-9CF6-229866587CAC}
	EndGlobalSection
EndGlobal
